// !$*UTF8*$!
{
	archiveVersion = 1;
	classes = {
	};
	objectVersion = 46;
	objects = {

/* Begin PBXBuildFile section */
		3886E0CA1F5F0EC000896217 /* main.swift in Sources */ = {isa = PBXBuildFile; fileRef = 3886E0C91F5F0EC000896217 /* main.swift */; };
		3886E0D21F5F0EFE00896217 /* BignumBase.swift in Sources */ = {isa = PBXBuildFile; fileRef = 3886E0D11F5F0EFE00896217 /* BignumBase.swift */; };
		3886E0D41F5F165300896217 /* String+Re.swift in Sources */ = {isa = PBXBuildFile; fileRef = 3886E0D31F5F165300896217 /* String+Re.swift */; };
		3886E0D61F5F18E900896217 /* Character+Int.swift in Sources */ = {isa = PBXBuildFile; fileRef = 3886E0D51F5F18E900896217 /* Character+Int.swift */; };
		3886E0DE1F61AD2400896217 /* Test.swift in Sources */ = {isa = PBXBuildFile; fileRef = 3886E0DD1F61AD2400896217 /* Test.swift */; };
/* End PBXBuildFile section */

/* Begin PBXCopyFilesBuildPhase section */
		3886E0C41F5F0EC000896217 /* CopyFiles */ = {
			isa = PBXCopyFilesBuildPhase;
			buildActionMask = 2147483647;
			dstPath = /usr/share/man/man1/;
			dstSubfolderSpec = 0;
			files = (
			);
			runOnlyForDeploymentPostprocessing = 1;
		};
/* End PBXCopyFilesBuildPhase section */

/* Begin PBXFileReference section */
		3886E0C61F5F0EC000896217 /* Swift-Bignum */ = {isa = PBXFileReference; explicitFileType = "compiled.mach-o.executable"; includeInIndex = 0; path = "Swift-Bignum"; sourceTree = BUILT_PRODUCTS_DIR; };
		3886E0C91F5F0EC000896217 /* main.swift */ = {isa = PBXFileReference; lastKnownFileType = sourcecode.swift; path = main.swift; sourceTree = "<group>"; };
		3886E0D11F5F0EFE00896217 /* BignumBase.swift */ = {isa = PBXFileReference; fileEncoding = 4; lastKnownFileType = sourcecode.swift; path = BignumBase.swift; sourceTree = "<group>"; };
		3886E0D31F5F165300896217 /* String+Re.swift */ = {isa = PBXFileReference; fileEncoding = 4; lastKnownFileType = sourcecode.swift; path = "String+Re.swift"; sourceTree = "<group>"; };
		3886E0D51F5F18E900896217 /* Character+Int.swift */ = {isa = PBXFileReference; fileEncoding = 4; lastKnownFileType = sourcecode.swift; path = "Character+Int.swift"; sourceTree = "<group>"; };
		3886E0DB1F61AD2400896217 /* Test.xctest */ = {isa = PBXFileReference; explicitFileType = wrapper.cfbundle; includeInIndex = 0; path = Test.xctest; sourceTree = BUILT_PRODUCTS_DIR; };
		3886E0DD1F61AD2400896217 /* Test.swift */ = {isa = PBXFileReference; lastKnownFileType = sourcecode.swift; path = Test.swift; sourceTree = "<group>"; };
		3886E0DF1F61AD2400896217 /* Info.plist */ = {isa = PBXFileReference; lastKnownFileType = text.plist.xml; path = Info.plist; sourceTree = "<group>"; };
/* End PBXFileReference section */

/* Begin PBXFrameworksBuildPhase section */
		3886E0C31F5F0EC000896217 /* Frameworks */ = {
			isa = PBXFrameworksBuildPhase;
			buildActionMask = 2147483647;
			files = (
			);
			runOnlyForDeploymentPostprocessing = 0;
		};
		3886E0D81F61AD2300896217 /* Frameworks */ = {
			isa = PBXFrameworksBuildPhase;
			buildActionMask = 2147483647;
			files = (
			);
			runOnlyForDeploymentPostprocessing = 0;
		};
/* End PBXFrameworksBuildPhase section */

/* Begin PBXGroup section */
		3886E0BD1F5F0EC000896217 = {
			isa = PBXGroup;
			children = (
				3886E0C81F5F0EC000896217 /* Swift-Bignum */,
				3886E0DC1F61AD2400896217 /* Test */,
				3886E0C71F5F0EC000896217 /* Products */,
			);
			sourceTree = "<group>";
		};
		3886E0C71F5F0EC000896217 /* Products */ = {
			isa = PBXGroup;
			children = (
				3886E0C61F5F0EC000896217 /* Swift-Bignum */,
				3886E0DB1F61AD2400896217 /* Test.xctest */,
			);
			name = Products;
			sourceTree = "<group>";
		};
		3886E0C81F5F0EC000896217 /* Swift-Bignum */ = {
			isa = PBXGroup;
			children = (
				3886E0D01F5F0EE500896217 /* Swift-Bignum */,
				3886E0C91F5F0EC000896217 /* main.swift */,
			);
			path = "Swift-Bignum";
			sourceTree = "<group>";
		};
		3886E0D01F5F0EE500896217 /* Swift-Bignum */ = {
			isa = PBXGroup;
			children = (
				3886E0D11F5F0EFE00896217 /* BignumBase.swift */,
				3886E0D31F5F165300896217 /* String+Re.swift */,
				3886E0D51F5F18E900896217 /* Character+Int.swift */,
			);
			path = "Swift-Bignum";
			sourceTree = "<group>";
		};
		3886E0DC1F61AD2400896217 /* Test */ = {
			isa = PBXGroup;
			children = (
				3886E0DD1F61AD2400896217 /* Test.swift */,
				3886E0DF1F61AD2400896217 /* Info.plist */,
			);
			path = Test;
			sourceTree = "<group>";
		};
/* End PBXGroup section */

/* Begin PBXNativeTarget section */
		3886E0C51F5F0EC000896217 /* Swift-Bignum */ = {
			isa = PBXNativeTarget;
			buildConfigurationList = 3886E0CD1F5F0EC000896217 /* Build configuration list for PBXNativeTarget "Swift-Bignum" */;
			buildPhases = (
				3886E0C21F5F0EC000896217 /* Sources */,
				3886E0C31F5F0EC000896217 /* Frameworks */,
				3886E0C41F5F0EC000896217 /* CopyFiles */,
			);
			buildRules = (
			);
			dependencies = (
			);
			name = "Swift-Bignum";
			productName = "Swift-Bignum";
			productReference = 3886E0C61F5F0EC000896217 /* Swift-Bignum */;
			productType = "com.apple.product-type.tool";
		};
		3886E0DA1F61AD2300896217 /* Test */ = {
			isa = PBXNativeTarget;
			buildConfigurationList = 3886E0E21F61AD2400896217 /* Build configuration list for PBXNativeTarget "Test" */;
			buildPhases = (
				3886E0D71F61AD2300896217 /* Sources */,
				3886E0D81F61AD2300896217 /* Frameworks */,
				3886E0D91F61AD2300896217 /* Resources */,
			);
			buildRules = (
			);
			dependencies = (
			);
			name = Test;
			productName = Test;
			productReference = 3886E0DB1F61AD2400896217 /* Test.xctest */;
			productType = "com.apple.product-type.bundle.unit-test";
		};
/* End PBXNativeTarget section */

/* Begin PBXProject section */
		3886E0BE1F5F0EC000896217 /* Project object */ = {
			isa = PBXProject;
			attributes = {
				LastSwiftUpdateCheck = 0830;
				LastUpgradeCheck = 0830;
				ORGANIZATIONNAME = afer;
				TargetAttributes = {
					3886E0C51F5F0EC000896217 = {
						CreatedOnToolsVersion = 8.3.1;
						DevelopmentTeam = 4FGU9379L5;
						ProvisioningStyle = Automatic;
					};
					3886E0DA1F61AD2300896217 = {
						CreatedOnToolsVersion = 8.3.1;
						DevelopmentTeam = 4FGU9379L5;
						ProvisioningStyle = Automatic;
					};
				};
			};
			buildConfigurationList = 3886E0C11F5F0EC000896217 /* Build configuration list for PBXProject "Swift-Bignum" */;
			compatibilityVersion = "Xcode 3.2";
			developmentRegion = English;
			hasScannedForEncodings = 0;
			knownRegions = (
				en,
			);
			mainGroup = 3886E0BD1F5F0EC000896217;
			productRefGroup = 3886E0C71F5F0EC000896217 /* Products */;
			projectDirPath = "";
			projectRoot = "";
			targets = (
				3886E0C51F5F0EC000896217 /* Swift-Bignum */,
				3886E0DA1F61AD2300896217 /* Test */,
			);
		};
/* End PBXProject section */

/* Begin PBXResourcesBuildPhase section */
		3886E0D91F61AD2300896217 /* Resources */ = {
			isa = PBXResourcesBuildPhase;
			buildActionMask = 2147483647;
			files = (
			);
			runOnlyForDeploymentPostprocessing = 0;
		};
/* End PBXResourcesBuildPhase section */

/* Begin PBXSourcesBuildPhase section */
		3886E0C21F5F0EC000896217 /* Sources */ = {
			isa = PBXSourcesBuildPhase;
			buildActionMask = 2147483647;
			files = (
				3886E0D21F5F0EFE00896217 /* BignumBase.swift in Sources */,
				3886E0D61F5F18E900896217 /* Character+Int.swift in Sources */,
				3886E0CA1F5F0EC000896217 /* main.swift in Sources */,
				3886E0D41F5F165300896217 /* String+Re.swift in Sources */,
			);
			runOnlyForDeploymentPostprocessing = 0;
		};
		3886E0D71F61AD2300896217 /* Sources */ = {
			isa = PBXSourcesBuildPhase;
			buildActionMask = 2147483647;
			files = (
				3886E0DE1F61AD2400896217 /* Test.swift in Sources */,
			);
			runOnlyForDeploymentPostprocessing = 0;
		};
/* End PBXSourcesBuildPhase section */

/* Begin XCBuildConfiguration section */
		3886E0CB1F5F0EC000896217 /* Debug */ = {
			isa = XCBuildConfiguration;
			buildSettings = {
				ALWAYS_SEARCH_USER_PATHS = NO;
				CLANG_ANALYZER_NONNULL = YES;
				CLANG_ANALYZER_NUMBER_OBJECT_CONVERSION = YES_AGGRESSIVE;
				CLANG_CXX_LANGUAGE_STANDARD = "gnu++0x";
				CLANG_CXX_LIBRARY = "libc++";
				CLANG_ENABLE_MODULES = YES;
				CLANG_ENABLE_OBJC_ARC = YES;
				CLANG_WARN_BOOL_CONVERSION = YES;
				CLANG_WARN_CONSTANT_CONVERSION = YES;
				CLANG_WARN_DIRECT_OBJC_ISA_USAGE = YES_ERROR;
				CLANG_WARN_DOCUMENTATION_COMMENTS = YES;
				CLANG_WARN_EMPTY_BODY = YES;
				CLANG_WARN_ENUM_CONVERSION = YES;
				CLANG_WARN_INFINITE_RECURSION = YES;
				CLANG_WARN_INT_CONVERSION = YES;
				CLANG_WARN_OBJC_ROOT_CLASS = YES_ERROR;
				CLANG_WARN_SUSPICIOUS_MOVE = YES;
				CLANG_WARN_UNREACHABLE_CODE = YES;
				CLANG_WARN__DUPLICATE_METHOD_MATCH = YES;
				CODE_SIGN_IDENTITY = "-";
				COPY_PHASE_STRIP = NO;
				DEBUG_INFORMATION_FORMAT = dwarf;
				ENABLE_STRICT_OBJC_MSGSEND = YES;
				ENABLE_TESTABILITY = YES;
				GCC_C_LANGUAGE_STANDARD = gnu99;
				GCC_DYNAMIC_NO_PIC = NO;
				GCC_NO_COMMON_BLOCKS = YES;
				GCC_OPTIMIZATION_LEVEL = 0;
				GCC_PREPROCESSOR_DEFINITIONS = (
					"DEBUG=1",
					"$(inherited)",
				);
				GCC_WARN_64_TO_32_BIT_CONVERSION = YES;
				GCC_WARN_ABOUT_RETURN_TYPE = YES_ERROR;
				GCC_WARN_UNDECLARED_SELECTOR = YES;
				GCC_WARN_UNINITIALIZED_AUTOS = YES_AGGRESSIVE;
				GCC_WARN_UNUSED_FUNCTION = YES;
				GCC_WARN_UNUSED_VARIABLE = YES;
				MACOSX_DEPLOYMENT_TARGET = 10.12;
				MTL_ENABLE_DEBUG_INFO = YES;
				ONLY_ACTIVE_ARCH = YES;
				SDKROOT = macosx;
				SWIFT_OPTIMIZATION_LEVEL = "-Onone";
			};
			name = Debug;
		};
		3886E0CC1F5F0EC000896217 /* Release */ = {
			isa = XCBuildConfiguration;
			buildSettings = {
				ALWAYS_SEARCH_USER_PATHS = NO;
				CLANG_ANALYZER_NONNULL = YES;
				CLANG_ANALYZER_NUMBER_OBJECT_CONVERSION = YES_AGGRESSIVE;
				CLANG_CXX_LANGUAGE_STANDARD = "gnu++0x";
				CLANG_CXX_LIBRARY = "libc++";
				CLANG_ENABLE_MODULES = YES;
				CLANG_ENABLE_OBJC_ARC = YES;
				CLANG_WARN_BOOL_CONVERSION = YES;
				CLANG_WARN_CONSTANT_CONVERSION = YES;
				CLANG_WARN_DIRECT_OBJC_ISA_USAGE = YES_ERROR;
				CLANG_WARN_DOCUMENTATION_COMMENTS = YES;
				CLANG_WARN_EMPTY_BODY = YES;
				CLANG_WARN_ENUM_CONVERSION = YES;
				CLANG_WARN_INFINITE_RECURSION = YES;
				CLANG_WARN_INT_CONVERSION = YES;
				CLANG_WARN_OBJC_ROOT_CLASS = YES_ERROR;
				CLANG_WARN_SUSPICIOUS_MOVE = YES;
				CLANG_WARN_UNREACHABLE_CODE = YES;
				CLANG_WARN__DUPLICATE_METHOD_MATCH = YES;
				CODE_SIGN_IDENTITY = "-";
				COPY_PHASE_STRIP = NO;
				DEBUG_INFORMATION_FORMAT = "dwarf-with-dsym";
				ENABLE_NS_ASSERTIONS = NO;
				ENABLE_STRICT_OBJC_MSGSEND = YES;
				GCC_C_LANGUAGE_STANDARD = gnu99;
				GCC_NO_COMMON_BLOCKS = YES;
				GCC_WARN_64_TO_32_BIT_CONVERSION = YES;
				GCC_WARN_ABOUT_RETURN_TYPE = YES_ERROR;
				GCC_WARN_UNDECLARED_SELECTOR = YES;
				GCC_WARN_UNINITIALIZED_AUTOS = YES_AGGRESSIVE;
				GCC_WARN_UNUSED_FUNCTION = YES;
				GCC_WARN_UNUSED_VARIABLE = YES;
				MACOSX_DEPLOYMENT_TARGET = 10.12;
				MTL_ENABLE_DEBUG_INFO = NO;
				SDKROOT = macosx;
			};
			name = Release;
		};
		3886E0CE1F5F0EC000896217 /* Debug */ = {
			isa = XCBuildConfiguration;
			buildSettings = {
				DEVELOPMENT_TEAM = 4FGU9379L5;
				PRODUCT_NAME = "$(TARGET_NAME)";
				SWIFT_VERSION = 3.0;
			};
			name = Debug;
		};
		3886E0CF1F5F0EC000896217 /* Release */ = {
			isa = XCBuildConfiguration;
			buildSettings = {
				DEVELOPMENT_TEAM = 4FGU9379L5;
				PRODUCT_NAME = "$(TARGET_NAME)";
				SWIFT_VERSION = 3.0;
			};
			name = Release;
		};
		3886E0E01F61AD2400896217 /* Debug */ = {
			isa = XCBuildConfiguration;
			buildSettings = {
				COMBINE_HIDPI_IMAGES = YES;
				DEVELOPMENT_TEAM = 4FGU9379L5;
				INFOPLIST_FILE = Test/Info.plist;
				LD_RUNPATH_SEARCH_PATHS = "$(inherited) @executable_path/../Frameworks @loader_path/../Frameworks";
				PRODUCT_BUNDLE_IDENTIFIER = "-88.Test";
				PRODUCT_NAME = "$(TARGET_NAME)";
				SWIFT_ACTIVE_COMPILATION_CONDITIONS = DEBUG;
				SWIFT_VERSION = 3.0;
			};
			name = Debug;
		};
		3886E0E11F61AD2400896217 /* Release */ = {
			isa = XCBuildConfiguration;
			buildSettings = {
				COMBINE_HIDPI_IMAGES = YES;
				DEVELOPMENT_TEAM = 4FGU9379L5;
				INFOPLIST_FILE = Test/Info.plist;
				LD_RUNPATH_SEARCH_PATHS = "$(inherited) @executable_path/../Frameworks @loader_path/../Frameworks";
				PRODUCT_BUNDLE_IDENTIFIER = "-88.Test";
				PRODUCT_NAME = "$(TARGET_NAME)";
				SWIFT_OPTIMIZATION_LEVEL = "-Owholemodule";
				SWIFT_VERSION = 3.0;
			};
			name = Release;
		};
/* End XCBuildConfiguration section */

/* Begin XCConfigurationList section */
		3886E0C11F5F0EC000896217 /* Build configuration list for PBXProject "Swift-Bignum" */ = {
			isa = XCConfigurationList;
			buildConfigurations = (
				3886E0CB1F5F0EC000896217 /* Debug */,
				3886E0CC1F5F0EC000896217 /* Release */,
			);
			defaultConfigurationIsVisible = 0;
			defaultConfigurationName = Release;
		};
		3886E0CD1F5F0EC000896217 /* Build configuration list for PBXNativeTarget "Swift-Bignum" */ = {
			isa = XCConfigurationList;
			buildConfigurations = (
				3886E0CE1F5F0EC000896217 /* Debug */,
				3886E0CF1F5F0EC000896217 /* Release */,
			);
			defaultConfigurationIsVisible = 0;
			defaultConfigurationName = Release;
		};
		3886E0E21F61AD2400896217 /* Build configuration list for PBXNativeTarget "Test" */ = {
			isa = XCConfigurationList;
			buildConfigurations = (
				3886E0E01F61AD2400896217 /* Debug */,
				3886E0E11F61AD2400896217 /* Release */,
			);
			defaultConfigurationIsVisible = 0;
		};
/* End XCConfigurationList section */
	};
	rootObject = 3886E0BE1F5F0EC000896217 /* Project object */;
}
